// !$*UTF8*$!
{
	archiveVersion = 1;
	classes = {
	};
	objectVersion = 55;
	objects = {

/* Begin PBXBuildFile section */
		BE8671632B5C338300810613 /* PSYCHEApp.swift in Sources */ = {isa = PBXBuildFile; fileRef = BE8671622B5C338300810613 /* PSYCHEApp.swift */; };
		BE8671652B5C338300810613 /* ContentView.swift in Sources */ = {isa = PBXBuildFile; fileRef = BE8671642B5C338300810613 /* ContentView.swift */; };
		BE8671672B5C338500810613 /* Assets.xcassets in Resources */ = {isa = PBXBuildFile; fileRef = BE8671662B5C338500810613 /* Assets.xcassets */; };
		BE86716A2B5C338500810613 /* Preview Assets.xcassets in Resources */ = {isa = PBXBuildFile; fileRef = BE8671692B5C338500810613 /* Preview Assets.xcassets */; };
		BE8671742B5C367600810613 /* ViewControllerEnum.swift in Sources */ = {isa = PBXBuildFile; fileRef = BE8671732B5C367600810613 /* ViewControllerEnum.swift */; };
		BE8671792B5C36EA00810613 /* PSYCHELogin.swift in Sources */ = {isa = PBXBuildFile; fileRef = BE8671782B5C36EA00810613 /* PSYCHELogin.swift */; };
		BE86717F2B5C7C2E00810613 /* PSYCHEReset.swift in Sources */ = {isa = PBXBuildFile; fileRef = BE86717E2B5C7C2E00810613 /* PSYCHEReset.swift */; };
		BE8671812B5C926000810613 /* PSYCHERegister.swift in Sources */ = {isa = PBXBuildFile; fileRef = BE8671802B5C926000810613 /* PSYCHERegister.swift */; };
		BE8671842B5DD81800810613 /* PSYCHEPatients.swift in Sources */ = {isa = PBXBuildFile; fileRef = BE8671832B5DD81800810613 /* PSYCHEPatients.swift */; };
		BE8671862B5EFA8600810613 /* PSYCHEEnroll.swift in Sources */ = {isa = PBXBuildFile; fileRef = BE8671852B5EFA8600810613 /* PSYCHEEnroll.swift */; };
		BE8671882B5EFA9B00810613 /* PSYCHEArchive.swift in Sources */ = {isa = PBXBuildFile; fileRef = BE8671872B5EFA9B00810613 /* PSYCHEArchive.swift */; };
		BE86718A2B5EFAB100810613 /* PSYCHEEdit.swift in Sources */ = {isa = PBXBuildFile; fileRef = BE8671892B5EFAB100810613 /* PSYCHEEdit.swift */; };
		BE86718C2B5EFAC200810613 /* PSYCHEDevices.swift in Sources */ = {isa = PBXBuildFile; fileRef = BE86718B2B5EFAC200810613 /* PSYCHEDevices.swift */; };
		BE8671962B60230700810613 /* Fitbit Sense.dae in Resources */ = {isa = PBXBuildFile; fileRef = BE8671952B60230700810613 /* Fitbit Sense.dae */; };
		BE86719A2B61789700810613 /* PSYCHENewDev.swift in Sources */ = {isa = PBXBuildFile; fileRef = BE8671992B61789700810613 /* PSYCHENewDev.swift */; };
		BE86719C2B6178AA00810613 /* PSYCHERemoveDev.swift in Sources */ = {isa = PBXBuildFile; fileRef = BE86719B2B6178AA00810613 /* PSYCHERemoveDev.swift */; };
		BE8671A02B6178CB00810613 /* PSYCHESwap.swift in Sources */ = {isa = PBXBuildFile; fileRef = BE86719F2B6178CB00810613 /* PSYCHESwap.swift */; };
		BE8671A22B6579AB00810613 /* PSYCHEExport.swift in Sources */ = {isa = PBXBuildFile; fileRef = BE8671A12B6579AB00810613 /* PSYCHEExport.swift */; };
/* End PBXBuildFile section */

/* Begin PBXFileReference section */
		BE86715F2B5C338300810613 /* PSYCHE.app */ = {isa = PBXFileReference; explicitFileType = wrapper.application; includeInIndex = 0; path = PSYCHE.app; sourceTree = BUILT_PRODUCTS_DIR; };
		BE8671622B5C338300810613 /* PSYCHEApp.swift */ = {isa = PBXFileReference; lastKnownFileType = sourcecode.swift; path = PSYCHEApp.swift; sourceTree = "<group>"; };
		BE8671642B5C338300810613 /* ContentView.swift */ = {isa = PBXFileReference; lastKnownFileType = sourcecode.swift; path = ContentView.swift; sourceTree = "<group>"; };
		BE8671662B5C338500810613 /* Assets.xcassets */ = {isa = PBXFileReference; lastKnownFileType = folder.assetcatalog; path = Assets.xcassets; sourceTree = "<group>"; };
		BE8671692B5C338500810613 /* Preview Assets.xcassets */ = {isa = PBXFileReference; lastKnownFileType = folder.assetcatalog; path = "Preview Assets.xcassets"; sourceTree = "<group>"; };
		BE8671732B5C367600810613 /* ViewControllerEnum.swift */ = {isa = PBXFileReference; lastKnownFileType = sourcecode.swift; path = ViewControllerEnum.swift; sourceTree = "<group>"; };
		BE8671782B5C36EA00810613 /* PSYCHELogin.swift */ = {isa = PBXFileReference; lastKnownFileType = sourcecode.swift; path = PSYCHELogin.swift; sourceTree = "<group>"; };
		BE86717E2B5C7C2E00810613 /* PSYCHEReset.swift */ = {isa = PBXFileReference; lastKnownFileType = sourcecode.swift; path = PSYCHEReset.swift; sourceTree = "<group>"; };
		BE8671802B5C926000810613 /* PSYCHERegister.swift */ = {isa = PBXFileReference; lastKnownFileType = sourcecode.swift; path = PSYCHERegister.swift; sourceTree = "<group>"; };
		BE8671832B5DD81800810613 /* PSYCHEPatients.swift */ = {isa = PBXFileReference; lastKnownFileType = sourcecode.swift; path = PSYCHEPatients.swift; sourceTree = "<group>"; };
		BE8671852B5EFA8600810613 /* PSYCHEEnroll.swift */ = {isa = PBXFileReference; lastKnownFileType = sourcecode.swift; path = PSYCHEEnroll.swift; sourceTree = "<group>"; };
		BE8671872B5EFA9B00810613 /* PSYCHEArchive.swift */ = {isa = PBXFileReference; lastKnownFileType = sourcecode.swift; path = PSYCHEArchive.swift; sourceTree = "<group>"; };
		BE8671892B5EFAB100810613 /* PSYCHEEdit.swift */ = {isa = PBXFileReference; lastKnownFileType = sourcecode.swift; path = PSYCHEEdit.swift; sourceTree = "<group>"; };
		BE86718B2B5EFAC200810613 /* PSYCHEDevices.swift */ = {isa = PBXFileReference; lastKnownFileType = sourcecode.swift; path = PSYCHEDevices.swift; sourceTree = "<group>"; };
		BE8671952B60230700810613 /* Fitbit Sense.dae */ = {isa = PBXFileReference; fileEncoding = 4; lastKnownFileType = text.xml.dae; path = "Fitbit Sense.dae"; sourceTree = "<group>"; };
		BE8671992B61789700810613 /* PSYCHENewDev.swift */ = {isa = PBXFileReference; lastKnownFileType = sourcecode.swift; path = PSYCHENewDev.swift; sourceTree = "<group>"; };
		BE86719B2B6178AA00810613 /* PSYCHERemoveDev.swift */ = {isa = PBXFileReference; lastKnownFileType = sourcecode.swift; path = PSYCHERemoveDev.swift; sourceTree = "<group>"; };
		BE86719F2B6178CB00810613 /* PSYCHESwap.swift */ = {isa = PBXFileReference; lastKnownFileType = sourcecode.swift; path = PSYCHESwap.swift; sourceTree = "<group>"; };
		BE8671A12B6579AB00810613 /* PSYCHEExport.swift */ = {isa = PBXFileReference; lastKnownFileType = sourcecode.swift; path = PSYCHEExport.swift; sourceTree = "<group>"; };
/* End PBXFileReference section */

/* Begin PBXFrameworksBuildPhase section */
		BE86715C2B5C338300810613 /* Frameworks */ = {
			isa = PBXFrameworksBuildPhase;
			buildActionMask = 2147483647;
			files = (
			);
			runOnlyForDeploymentPostprocessing = 0;
		};
/* End PBXFrameworksBuildPhase section */

/* Begin PBXGroup section */
		BE707FAF2B66D387001609B1 /* PSYCHEPatients */ = {
			isa = PBXGroup;
			children = (
				BE86719F2B6178CB00810613 /* PSYCHESwap.swift */,
				BE8671832B5DD81800810613 /* PSYCHEPatients.swift */,
				BE8671892B5EFAB100810613 /* PSYCHEEdit.swift */,
				BE8671852B5EFA8600810613 /* PSYCHEEnroll.swift */,
				BE8671872B5EFA9B00810613 /* PSYCHEArchive.swift */,
			);
			path = PSYCHEPatients;
			sourceTree = "<group>";
		};
		BE707FB02B66D3A7001609B1 /* PSYCHEDevices */ = {
			isa = PBXGroup;
			children = (
				BE86719B2B6178AA00810613 /* PSYCHERemoveDev.swift */,
				BE8671992B61789700810613 /* PSYCHENewDev.swift */,
				BE86718B2B5EFAC200810613 /* PSYCHEDevices.swift */,
			);
			path = PSYCHEDevices;
			sourceTree = "<group>";
		};
		BE8671562B5C338300810613 = {
			isa = PBXGroup;
			children = (
				BE8671612B5C338300810613 /* PSYCHE */,
				BE8671602B5C338300810613 /* Products */,
			);
			sourceTree = "<group>";
		};
		BE8671602B5C338300810613 /* Products */ = {
			isa = PBXGroup;
			children = (
				BE86715F2B5C338300810613 /* PSYCHE.app */,
			);
			name = Products;
			sourceTree = "<group>";
		};
		BE8671612B5C338300810613 /* PSYCHE */ = {
			isa = PBXGroup;
			children = (
				BE8671722B5C362500810613 /* Protocols */,
				BE8671712B5C361A00810613 /* Views */,
				BE8671702B5C35F300810613 /* Managers */,
				BE8671622B5C338300810613 /* PSYCHEApp.swift */,
				BE8671642B5C338300810613 /* ContentView.swift */,
				BE8671952B60230700810613 /* Fitbit Sense.dae */,
				BE8671662B5C338500810613 /* Assets.xcassets */,
				BE8671682B5C338500810613 /* Preview Content */,
			);
			path = PSYCHE;
			sourceTree = "<group>";
		};
		BE8671682B5C338500810613 /* Preview Content */ = {
			isa = PBXGroup;
			children = (
				BE8671692B5C338500810613 /* Preview Assets.xcassets */,
			);
			path = "Preview Content";
			sourceTree = "<group>";
		};
		BE8671702B5C35F300810613 /* Managers */ = {
			isa = PBXGroup;
			children = (
				BE8671732B5C367600810613 /* ViewControllerEnum.swift */,
			);
			path = Managers;
			sourceTree = "<group>";
		};
		BE8671712B5C361A00810613 /* Views */ = {
			isa = PBXGroup;
			children = (
				BE707FB02B66D3A7001609B1 /* PSYCHEDevices */,
				BE707FAF2B66D387001609B1 /* PSYCHEPatients */,
				BE8671822B5DD75400810613 /* PSYCHEManage */,
				BE8671772B5C36CD00810613 /* PSYCHEAuth */,
			);
			path = Views;
			sourceTree = "<group>";
		};
		BE8671722B5C362500810613 /* Protocols */ = {
			isa = PBXGroup;
			children = (
			);
			path = Protocols;
			sourceTree = "<group>";
		};
		BE8671772B5C36CD00810613 /* PSYCHEAuth */ = {
			isa = PBXGroup;
			children = (
				BE8671802B5C926000810613 /* PSYCHERegister.swift */,
				BE8671782B5C36EA00810613 /* PSYCHELogin.swift */,
				BE86717E2B5C7C2E00810613 /* PSYCHEReset.swift */,
			);
			path = PSYCHEAuth;
			sourceTree = "<group>";
		};
		BE8671822B5DD75400810613 /* PSYCHEManage */ = {
			isa = PBXGroup;
			children = (
				BE8671A12B6579AB00810613 /* PSYCHEExport.swift */,
			);
			path = PSYCHEManage;
			sourceTree = "<group>";
		};
/* End PBXGroup section */

/* Begin PBXNativeTarget section */
		BE86715E2B5C338300810613 /* PSYCHE */ = {
			isa = PBXNativeTarget;
			buildConfigurationList = BE86716D2B5C338500810613 /* Build configuration list for PBXNativeTarget "PSYCHE" */;
			buildPhases = (
				BE86715B2B5C338300810613 /* Sources */,
				BE86715C2B5C338300810613 /* Frameworks */,
				BE86715D2B5C338300810613 /* Resources */,
			);
			buildRules = (
			);
			dependencies = (
			);
			name = PSYCHE;
			productName = PSYCHE;
			productReference = BE86715F2B5C338300810613 /* PSYCHE.app */;
			productType = "com.apple.product-type.application";
		};
/* End PBXNativeTarget section */

/* Begin PBXProject section */
		BE8671572B5C338300810613 /* Project object */ = {
			isa = PBXProject;
			attributes = {
				BuildIndependentTargetsInParallel = 1;
				LastSwiftUpdateCheck = 1340;
				LastUpgradeCheck = 1340;
				TargetAttributes = {
					BE86715E2B5C338300810613 = {
						CreatedOnToolsVersion = 13.4.1;
					};
				};
			};
			buildConfigurationList = BE86715A2B5C338300810613 /* Build configuration list for PBXProject "PSYCHE" */;
			compatibilityVersion = "Xcode 13.0";
			developmentRegion = en;
			hasScannedForEncodings = 0;
			knownRegions = (
				en,
				Base,
			);
			mainGroup = BE8671562B5C338300810613;
			productRefGroup = BE8671602B5C338300810613 /* Products */;
			projectDirPath = "";
			projectRoot = "";
			targets = (
				BE86715E2B5C338300810613 /* PSYCHE */,
			);
		};
/* End PBXProject section */

/* Begin PBXResourcesBuildPhase section */
		BE86715D2B5C338300810613 /* Resources */ = {
			isa = PBXResourcesBuildPhase;
			buildActionMask = 2147483647;
			files = (
				BE8671962B60230700810613 /* Fitbit Sense.dae in Resources */,
				BE86716A2B5C338500810613 /* Preview Assets.xcassets in Resources */,
				BE8671672B5C338500810613 /* Assets.xcassets in Resources */,
			);
			runOnlyForDeploymentPostprocessing = 0;
		};
/* End PBXResourcesBuildPhase section */

/* Begin PBXSourcesBuildPhase section */
		BE86715B2B5C338300810613 /* Sources */ = {
			isa = PBXSourcesBuildPhase;
			buildActionMask = 2147483647;
			files = (
				BE8671882B5EFA9B00810613 /* PSYCHEArchive.swift in Sources */,
				BE8671652B5C338300810613 /* ContentView.swift in Sources */,
				BE8671812B5C926000810613 /* PSYCHERegister.swift in Sources */,
				BE8671792B5C36EA00810613 /* PSYCHELogin.swift in Sources */,
				BE86717F2B5C7C2E00810613 /* PSYCHEReset.swift in Sources */,
				BE86718A2B5EFAB100810613 /* PSYCHEEdit.swift in Sources */,
				BE86719A2B61789700810613 /* PSYCHENewDev.swift in Sources */,
				BE8671A02B6178CB00810613 /* PSYCHESwap.swift in Sources */,
				BE8671742B5C367600810613 /* ViewControllerEnum.swift in Sources */,
				BE8671862B5EFA8600810613 /* PSYCHEEnroll.swift in Sources */,
				BE86718C2B5EFAC200810613 /* PSYCHEDevices.swift in Sources */,
				BE8671842B5DD81800810613 /* PSYCHEPatients.swift in Sources */,
				BE86719C2B6178AA00810613 /* PSYCHERemoveDev.swift in Sources */,
				BE8671632B5C338300810613 /* PSYCHEApp.swift in Sources */,
				BE8671A22B6579AB00810613 /* PSYCHEExport.swift in Sources */,
			);
			runOnlyForDeploymentPostprocessing = 0;
		};
/* End PBXSourcesBuildPhase section */

/* Begin XCBuildConfiguration section */
		BE86716B2B5C338500810613 /* Debug */ = {
			isa = XCBuildConfiguration;
			buildSettings = {
				ALWAYS_SEARCH_USER_PATHS = NO;
				CLANG_ANALYZER_NONNULL = YES;
				CLANG_ANALYZER_NUMBER_OBJECT_CONVERSION = YES_AGGRESSIVE;
				CLANG_CXX_LANGUAGE_STANDARD = "gnu++17";
				CLANG_ENABLE_MODULES = YES;
				CLANG_ENABLE_OBJC_ARC = YES;
				CLANG_ENABLE_OBJC_WEAK = YES;
				CLANG_WARN_BLOCK_CAPTURE_AUTORELEASING = YES;
				CLANG_WARN_BOOL_CONVERSION = YES;
				CLANG_WARN_COMMA = YES;
				CLANG_WARN_CONSTANT_CONVERSION = YES;
				CLANG_WARN_DEPRECATED_OBJC_IMPLEMENTATIONS = YES;
				CLANG_WARN_DIRECT_OBJC_ISA_USAGE = YES_ERROR;
				CLANG_WARN_DOCUMENTATION_COMMENTS = YES;
				CLANG_WARN_EMPTY_BODY = YES;
				CLANG_WARN_ENUM_CONVERSION = YES;
				CLANG_WARN_INFINITE_RECURSION = YES;
				CLANG_WARN_INT_CONVERSION = YES;
				CLANG_WARN_NON_LITERAL_NULL_CONVERSION = YES;
				CLANG_WARN_OBJC_IMPLICIT_RETAIN_SELF = YES;
				CLANG_WARN_OBJC_LITERAL_CONVERSION = YES;
				CLANG_WARN_OBJC_ROOT_CLASS = YES_ERROR;
				CLANG_WARN_QUOTED_INCLUDE_IN_FRAMEWORK_HEADER = YES;
				CLANG_WARN_RANGE_LOOP_ANALYSIS = YES;
				CLANG_WARN_STRICT_PROTOTYPES = YES;
				CLANG_WARN_SUSPICIOUS_MOVE = YES;
				CLANG_WARN_UNGUARDED_AVAILABILITY = YES_AGGRESSIVE;
				CLANG_WARN_UNREACHABLE_CODE = YES;
				CLANG_WARN__DUPLICATE_METHOD_MATCH = YES;
				COPY_PHASE_STRIP = NO;
				DEBUG_INFORMATION_FORMAT = dwarf;
				ENABLE_STRICT_OBJC_MSGSEND = YES;
				ENABLE_TESTABILITY = YES;
				GCC_C_LANGUAGE_STANDARD = gnu11;
				GCC_DYNAMIC_NO_PIC = NO;
				GCC_NO_COMMON_BLOCKS = YES;
				GCC_OPTIMIZATION_LEVEL = 0;
				GCC_PREPROCESSOR_DEFINITIONS = (
					"DEBUG=1",
					"$(inherited)",
				);
				GCC_WARN_64_TO_32_BIT_CONVERSION = YES;
				GCC_WARN_ABOUT_RETURN_TYPE = YES_ERROR;
				GCC_WARN_UNDECLARED_SELECTOR = YES;
				GCC_WARN_UNINITIALIZED_AUTOS = YES_AGGRESSIVE;
				GCC_WARN_UNUSED_FUNCTION = YES;
				GCC_WARN_UNUSED_VARIABLE = YES;
				IPHONEOS_DEPLOYMENT_TARGET = 15.5;
				MTL_ENABLE_DEBUG_INFO = INCLUDE_SOURCE;
				MTL_FAST_MATH = YES;
				ONLY_ACTIVE_ARCH = YES;
				SDKROOT = iphoneos;
				SWIFT_ACTIVE_COMPILATION_CONDITIONS = DEBUG;
				SWIFT_OPTIMIZATION_LEVEL = "-Onone";
			};
			name = Debug;
		};
		BE86716C2B5C338500810613 /* Release */ = {
			isa = XCBuildConfiguration;
			buildSettings = {
				ALWAYS_SEARCH_USER_PATHS = NO;
				CLANG_ANALYZER_NONNULL = YES;
				CLANG_ANALYZER_NUMBER_OBJECT_CONVERSION = YES_AGGRESSIVE;
				CLANG_CXX_LANGUAGE_STANDARD = "gnu++17";
				CLANG_ENABLE_MODULES = YES;
				CLANG_ENABLE_OBJC_ARC = YES;
				CLANG_ENABLE_OBJC_WEAK = YES;
				CLANG_WARN_BLOCK_CAPTURE_AUTORELEASING = YES;
				CLANG_WARN_BOOL_CONVERSION = YES;
				CLANG_WARN_COMMA = YES;
				CLANG_WARN_CONSTANT_CONVERSION = YES;
				CLANG_WARN_DEPRECATED_OBJC_IMPLEMENTATIONS = YES;
				CLANG_WARN_DIRECT_OBJC_ISA_USAGE = YES_ERROR;
				CLANG_WARN_DOCUMENTATION_COMMENTS = YES;
				CLANG_WARN_EMPTY_BODY = YES;
				CLANG_WARN_ENUM_CONVERSION = YES;
				CLANG_WARN_INFINITE_RECURSION = YES;
				CLANG_WARN_INT_CONVERSION = YES;
				CLANG_WARN_NON_LITERAL_NULL_CONVERSION = YES;
				CLANG_WARN_OBJC_IMPLICIT_RETAIN_SELF = YES;
				CLANG_WARN_OBJC_LITERAL_CONVERSION = YES;
				CLANG_WARN_OBJC_ROOT_CLASS = YES_ERROR;
				CLANG_WARN_QUOTED_INCLUDE_IN_FRAMEWORK_HEADER = YES;
				CLANG_WARN_RANGE_LOOP_ANALYSIS = YES;
				CLANG_WARN_STRICT_PROTOTYPES = YES;
				CLANG_WARN_SUSPICIOUS_MOVE = YES;
				CLANG_WARN_UNGUARDED_AVAILABILITY = YES_AGGRESSIVE;
				CLANG_WARN_UNREACHABLE_CODE = YES;
				CLANG_WARN__DUPLICATE_METHOD_MATCH = YES;
				COPY_PHASE_STRIP = NO;
				DEBUG_INFORMATION_FORMAT = "dwarf-with-dsym";
				ENABLE_NS_ASSERTIONS = NO;
				ENABLE_STRICT_OBJC_MSGSEND = YES;
				GCC_C_LANGUAGE_STANDARD = gnu11;
				GCC_NO_COMMON_BLOCKS = YES;
				GCC_WARN_64_TO_32_BIT_CONVERSION = YES;
				GCC_WARN_ABOUT_RETURN_TYPE = YES_ERROR;
				GCC_WARN_UNDECLARED_SELECTOR = YES;
				GCC_WARN_UNINITIALIZED_AUTOS = YES_AGGRESSIVE;
				GCC_WARN_UNUSED_FUNCTION = YES;
				GCC_WARN_UNUSED_VARIABLE = YES;
				IPHONEOS_DEPLOYMENT_TARGET = 15.5;
				MTL_ENABLE_DEBUG_INFO = NO;
				MTL_FAST_MATH = YES;
				SDKROOT = iphoneos;
				SWIFT_COMPILATION_MODE = wholemodule;
				SWIFT_OPTIMIZATION_LEVEL = "-O";
				VALIDATE_PRODUCT = YES;
			};
			name = Release;
		};
		BE86716E2B5C338500810613 /* Debug */ = {
			isa = XCBuildConfiguration;
			buildSettings = {
				ASSETCATALOG_COMPILER_APPICON_NAME = AppIcon;
				ASSETCATALOG_COMPILER_GLOBAL_ACCENT_COLOR_NAME = AccentColor;
				CODE_SIGN_IDENTITY = "Apple Development";
				CODE_SIGN_STYLE = Automatic;
				CURRENT_PROJECT_VERSION = 1;
				DEVELOPMENT_ASSET_PATHS = "\"PSYCHE/Preview Content\"";
				DEVELOPMENT_TEAM = 5M8SG6QY62;
				ENABLE_PREVIEWS = YES;
				GENERATE_INFOPLIST_FILE = YES;
				INFOPLIST_KEY_UIApplicationSceneManifest_Generation = YES;
				INFOPLIST_KEY_UIApplicationSupportsIndirectInputEvents = YES;
				INFOPLIST_KEY_UILaunchScreen_Generation = YES;
				INFOPLIST_KEY_UISupportedInterfaceOrientations = UIInterfaceOrientationPortraitUpsideDown;
				INFOPLIST_KEY_UISupportedInterfaceOrientations_iPad = "UIInterfaceOrientationPortrait UIInterfaceOrientationPortraitUpsideDown";
				INFOPLIST_KEY_UISupportedInterfaceOrientations_iPhone = UIInterfaceOrientationPortrait;
				LD_RUNPATH_SEARCH_PATHS = (
					"$(inherited)",
					"@executable_path/Frameworks",
				);
				MARKETING_VERSION = 1.0;
				PRODUCT_BUNDLE_IDENTIFIER = com.PSYCHE;
				PRODUCT_NAME = "$(TARGET_NAME)";
				PROVISIONING_PROFILE_SPECIFIER = "";
				SWIFT_EMIT_LOC_STRINGS = YES;
				SWIFT_VERSION = 5.0;
				TARGETED_DEVICE_FAMILY = "1,2";
			};
			name = Debug;
		};
		BE86716F2B5C338500810613 /* Release */ = {
			isa = XCBuildConfiguration;
			buildSettings = {
				ASSETCATALOG_COMPILER_APPICON_NAME = AppIcon;
				ASSETCATALOG_COMPILER_GLOBAL_ACCENT_COLOR_NAME = AccentColor;
				CODE_SIGN_IDENTITY = "Apple Development";
				CODE_SIGN_STYLE = Automatic;
				CURRENT_PROJECT_VERSION = 1;
				DEVELOPMENT_ASSET_PATHS = "\"PSYCHE/Preview Content\"";
				DEVELOPMENT_TEAM = 5M8SG6QY62;
				ENABLE_PREVIEWS = YES;
				GENERATE_INFOPLIST_FILE = YES;
				INFOPLIST_KEY_UIApplicationSceneManifest_Generation = YES;
				INFOPLIST_KEY_UIApplicationSupportsIndirectInputEvents = YES;
				INFOPLIST_KEY_UILaunchScreen_Generation = YES;
				INFOPLIST_KEY_UISupportedInterfaceOrientations = UIInterfaceOrientationPortraitUpsideDown;
				INFOPLIST_KEY_UISupportedInterfaceOrientations_iPad = "UIInterfaceOrientationPortrait UIInterfaceOrientationPortraitUpsideDown";
				INFOPLIST_KEY_UISupportedInterfaceOrientations_iPhone = UIInterfaceOrientationPortrait;
				LD_RUNPATH_SEARCH_PATHS = (
					"$(inherited)",
					"@executable_path/Frameworks",
				);
				MARKETING_VERSION = 1.0;
				PRODUCT_BUNDLE_IDENTIFIER = com.PSYCHE;
				PRODUCT_NAME = "$(TARGET_NAME)";
				PROVISIONING_PROFILE_SPECIFIER = "";
				SWIFT_EMIT_LOC_STRINGS = YES;
				SWIFT_VERSION = 5.0;
				TARGETED_DEVICE_FAMILY = "1,2";
			};
			name = Release;
		};
/* End XCBuildConfiguration section */

/* Begin XCConfigurationList section */
		BE86715A2B5C338300810613 /* Build configuration list for PBXProject "PSYCHE" */ = {
			isa = XCConfigurationList;
			buildConfigurations = (
				BE86716B2B5C338500810613 /* Debug */,
				BE86716C2B5C338500810613 /* Release */,
			);
			defaultConfigurationIsVisible = 0;
			defaultConfigurationName = Release;
		};
		BE86716D2B5C338500810613 /* Build configuration list for PBXNativeTarget "PSYCHE" */ = {
			isa = XCConfigurationList;
			buildConfigurations = (
				BE86716E2B5C338500810613 /* Debug */,
				BE86716F2B5C338500810613 /* Release */,
			);
			defaultConfigurationIsVisible = 0;
			defaultConfigurationName = Release;
		};
/* End XCConfigurationList section */
	};
	rootObject = BE8671572B5C338300810613 /* Project object */;
}
